
Microsoft Visual Studio Solution File, Format Version 12.00
# Visual Studio 15
VisualStudioVersion = 15.0.27130.2010
MinimumVisualStudioVersion = 10.0.40219.1
Project("{FAE04EC0-301F-11D3-BF4B-00C04F79EFBC}") = "AltNav.Core", "src\AltNav.Core\AltNav.Core.csproj", "{790E71F6-5EED-4B8C-86EB-8AA4CECAA9EA}"
EndProject
Project("{FAE04EC0-301F-11D3-BF4B-00C04F79EFBC}") = "AltNav.Droid", "src\AltNav.Droid\AltNav.Droid.csproj", "{9070FCA8-F241-4DB1-9874-9513F1866AB3}"
EndProject
Project("{FAE04EC0-301F-11D3-BF4B-00C04F79EFBC}") = "AltNav.iOS", "src\AltNav.iOS\AltNav.iOS.csproj", "{688111BA-59A4-4EF7-A91E-FAFC886BB009}"
EndProject
Project("{2150E333-8FDC-42A3-9474-1A3956D46DE8}") = "SolutionItems", "SolutionItems", "{03D640FE-F6B3-48D9-A8A0-65F157E1F1E8}"
ProjectSection(SolutionItems) = preProject
	README.md = README.md
EndProjectSection
EndProject
Global
	GlobalSection(SolutionConfigurationPlatforms) = preSolution
		Debug|Any CPU = Debug|Any CPU
		Debug|ARM = Debug|ARM
		Debug|iPhone = Debug|iPhone
		Debug|iPhoneSimulator = Debug|iPhoneSimulator
		Debug|x64 = Debug|x64
		Debug|x86 = Debug|x86
		Release|Any CPU = Release|Any CPU
		Release|ARM = Release|ARM
		Release|iPhone = Release|iPhone
		Release|iPhoneSimulator = Release|iPhoneSimulator
		Release|x64 = Release|x64
		Release|x86 = Release|x86
	EndGlobalSection
	GlobalSection(ProjectConfigurationPlatforms) = postSolution
		{790E71F6-5EED-4B8C-86EB-8AA4CECAA9EA}.Debug|Any CPU.ActiveCfg = Debug|Any CPU
		{790E71F6-5EED-4B8C-86EB-8AA4CECAA9EA}.Debug|Any CPU.Build.0 = Debug|Any CPU
		{790E71F6-5EED-4B8C-86EB-8AA4CECAA9EA}.Debug|ARM.ActiveCfg = Debug|Any CPU
		{790E71F6-5EED-4B8C-86EB-8AA4CECAA9EA}.Debug|ARM.Build.0 = Debug|Any CPU
		{790E71F6-5EED-4B8C-86EB-8AA4CECAA9EA}.Debug|iPhone.ActiveCfg = Debug|Any CPU
		{790E71F6-5EED-4B8C-86EB-8AA4CECAA9EA}.Debug|iPhone.Build.0 = Debug|Any CPU
		{790E71F6-5EED-4B8C-86EB-8AA4CECAA9EA}.Debug|iPhoneSimulator.ActiveCfg = Debug|Any CPU
		{790E71F6-5EED-4B8C-86EB-8AA4CECAA9EA}.Debug|iPhoneSimulator.Build.0 = Debug|Any CPU
		{790E71F6-5EED-4B8C-86EB-8AA4CECAA9EA}.Debug|x64.ActiveCfg = Debug|Any CPU
		{790E71F6-5EED-4B8C-86EB-8AA4CECAA9EA}.Debug|x64.Build.0 = Debug|Any CPU
		{790E71F6-5EED-4B8C-86EB-8AA4CECAA9EA}.Debug|x86.ActiveCfg = Debug|Any CPU
		{790E71F6-5EED-4B8C-86EB-8AA4CECAA9EA}.Debug|x86.Build.0 = Debug|Any CPU
		{790E71F6-5EED-4B8C-86EB-8AA4CECAA9EA}.Release|Any CPU.ActiveCfg = Release|Any CPU
		{790E71F6-5EED-4B8C-86EB-8AA4CECAA9EA}.Release|Any CPU.Build.0 = Release|Any CPU
		{790E71F6-5EED-4B8C-86EB-8AA4CECAA9EA}.Release|ARM.ActiveCfg = Release|Any CPU
		{790E71F6-5EED-4B8C-86EB-8AA4CECAA9EA}.Release|ARM.Build.0 = Release|Any CPU
		{790E71F6-5EED-4B8C-86EB-8AA4CECAA9EA}.Release|iPhone.ActiveCfg = Release|Any CPU
		{790E71F6-5EED-4B8C-86EB-8AA4CECAA9EA}.Release|iPhone.Build.0 = Release|Any CPU
		{790E71F6-5EED-4B8C-86EB-8AA4CECAA9EA}.Release|iPhoneSimulator.ActiveCfg = Release|Any CPU
		{790E71F6-5EED-4B8C-86EB-8AA4CECAA9EA}.Release|iPhoneSimulator.Build.0 = Release|Any CPU
		{790E71F6-5EED-4B8C-86EB-8AA4CECAA9EA}.Release|x64.ActiveCfg = Release|Any CPU
		{790E71F6-5EED-4B8C-86EB-8AA4CECAA9EA}.Release|x64.Build.0 = Release|Any CPU
		{790E71F6-5EED-4B8C-86EB-8AA4CECAA9EA}.Release|x86.ActiveCfg = Release|Any CPU
		{790E71F6-5EED-4B8C-86EB-8AA4CECAA9EA}.Release|x86.Build.0 = Release|Any CPU
		{9070FCA8-F241-4DB1-9874-9513F1866AB3}.Debug|Any CPU.ActiveCfg = Debug|Any CPU
		{9070FCA8-F241-4DB1-9874-9513F1866AB3}.Debug|Any CPU.Build.0 = Debug|Any CPU
		{9070FCA8-F241-4DB1-9874-9513F1866AB3}.Debug|Any CPU.Deploy.0 = Debug|Any CPU
		{9070FCA8-F241-4DB1-9874-9513F1866AB3}.Debug|ARM.ActiveCfg = Debug|Any CPU
		{9070FCA8-F241-4DB1-9874-9513F1866AB3}.Debug|ARM.Build.0 = Debug|Any CPU
		{9070FCA8-F241-4DB1-9874-9513F1866AB3}.Debug|ARM.Deploy.0 = Debug|Any CPU
		{9070FCA8-F241-4DB1-9874-9513F1866AB3}.Debug|iPhone.ActiveCfg = Debug|Any CPU
		{9070FCA8-F241-4DB1-9874-9513F1866AB3}.Debug|iPhone.Build.0 = Debug|Any CPU
		{9070FCA8-F241-4DB1-9874-9513F1866AB3}.Debug|iPhone.Deploy.0 = Debug|Any CPU
		{9070FCA8-F241-4DB1-9874-9513F1866AB3}.Debug|iPhoneSimulator.ActiveCfg = Debug|Any CPU
		{9070FCA8-F241-4DB1-9874-9513F1866AB3}.Debug|iPhoneSimulator.Build.0 = Debug|Any CPU
		{9070FCA8-F241-4DB1-9874-9513F1866AB3}.Debug|iPhoneSimulator.Deploy.0 = Debug|Any CPU
		{9070FCA8-F241-4DB1-9874-9513F1866AB3}.Debug|x64.ActiveCfg = Debug|Any CPU
		{9070FCA8-F241-4DB1-9874-9513F1866AB3}.Debug|x64.Build.0 = Debug|Any CPU
		{9070FCA8-F241-4DB1-9874-9513F1866AB3}.Debug|x64.Deploy.0 = Debug|Any CPU
		{9070FCA8-F241-4DB1-9874-9513F1866AB3}.Debug|x86.ActiveCfg = Debug|Any CPU
		{9070FCA8-F241-4DB1-9874-9513F1866AB3}.Debug|x86.Build.0 = Debug|Any CPU
		{9070FCA8-F241-4DB1-9874-9513F1866AB3}.Debug|x86.Deploy.0 = Debug|Any CPU
		{9070FCA8-F241-4DB1-9874-9513F1866AB3}.Release|Any CPU.ActiveCfg = Release|Any CPU
		{9070FCA8-F241-4DB1-9874-9513F1866AB3}.Release|Any CPU.Build.0 = Release|Any CPU
		{9070FCA8-F241-4DB1-9874-9513F1866AB3}.Release|Any CPU.Deploy.0 = Release|Any CPU
		{9070FCA8-F241-4DB1-9874-9513F1866AB3}.Release|ARM.ActiveCfg = Release|Any CPU
		{9070FCA8-F241-4DB1-9874-9513F1866AB3}.Release|ARM.Build.0 = Release|Any CPU
		{9070FCA8-F241-4DB1-9874-9513F1866AB3}.Release|ARM.Deploy.0 = Release|Any CPU
		{9070FCA8-F241-4DB1-9874-9513F1866AB3}.Release|iPhone.ActiveCfg = Release|Any CPU
		{9070FCA8-F241-4DB1-9874-9513F1866AB3}.Release|iPhone.Build.0 = Release|Any CPU
		{9070FCA8-F241-4DB1-9874-9513F1866AB3}.Release|iPhone.Deploy.0 = Release|Any CPU
		{9070FCA8-F241-4DB1-9874-9513F1866AB3}.Release|iPhoneSimulator.ActiveCfg = Release|Any CPU
		{9070FCA8-F241-4DB1-9874-9513F1866AB3}.Release|iPhoneSimulator.Build.0 = Release|Any CPU
		{9070FCA8-F241-4DB1-9874-9513F1866AB3}.Release|iPhoneSimulator.Deploy.0 = Release|Any CPU
		{9070FCA8-F241-4DB1-9874-9513F1866AB3}.Release|x64.ActiveCfg = Release|Any CPU
		{9070FCA8-F241-4DB1-9874-9513F1866AB3}.Release|x64.Build.0 = Release|Any CPU
		{9070FCA8-F241-4DB1-9874-9513F1866AB3}.Release|x64.Deploy.0 = Release|Any CPU
		{9070FCA8-F241-4DB1-9874-9513F1866AB3}.Release|x86.ActiveCfg = Release|Any CPU
		{9070FCA8-F241-4DB1-9874-9513F1866AB3}.Release|x86.Build.0 = Release|Any CPU
		{9070FCA8-F241-4DB1-9874-9513F1866AB3}.Release|x86.Deploy.0 = Release|Any CPU
		{688111BA-59A4-4EF7-A91E-FAFC886BB009}.Debug|Any CPU.ActiveCfg = Debug|iPhone
		{688111BA-59A4-4EF7-A91E-FAFC886BB009}.Debug|Any CPU.Build.0 = Debug|iPhone
		{688111BA-59A4-4EF7-A91E-FAFC886BB009}.Debug|ARM.ActiveCfg = Debug|iPhone
		{688111BA-59A4-4EF7-A91E-FAFC886BB009}.Debug|iPhone.ActiveCfg = Debug|iPhone
		{688111BA-59A4-4EF7-A91E-FAFC886BB009}.Debug|iPhone.Build.0 = Debug|iPhone
		{688111BA-59A4-4EF7-A91E-FAFC886BB009}.Debug|iPhone.Deploy.0 = Debug|iPhone
		{688111BA-59A4-4EF7-A91E-FAFC886BB009}.Debug|iPhoneSimulator.ActiveCfg = Debug|iPhoneSimulator
		{688111BA-59A4-4EF7-A91E-FAFC886BB009}.Debug|iPhoneSimulator.Build.0 = Debug|iPhoneSimulator
		{688111BA-59A4-4EF7-A91E-FAFC886BB009}.Debug|iPhoneSimulator.Deploy.0 = Debug|iPhoneSimulator
		{688111BA-59A4-4EF7-A91E-FAFC886BB009}.Debug|x64.ActiveCfg = Debug|iPhone
		{688111BA-59A4-4EF7-A91E-FAFC886BB009}.Debug|x86.ActiveCfg = Debug|iPhone
		{688111BA-59A4-4EF7-A91E-FAFC886BB009}.Release|Any CPU.ActiveCfg = Release|iPhone
		{688111BA-59A4-4EF7-A91E-FAFC886BB009}.Release|ARM.ActiveCfg = Release|iPhone
		{688111BA-59A4-4EF7-A91E-FAFC886BB009}.Release|iPhone.ActiveCfg = Release|iPhone
		{688111BA-59A4-4EF7-A91E-FAFC886BB009}.Release|iPhone.Build.0 = Release|iPhone
		{688111BA-59A4-4EF7-A91E-FAFC886BB009}.Release|iPhone.Deploy.0 = Release|iPhone
		{688111BA-59A4-4EF7-A91E-FAFC886BB009}.Release|iPhoneSimulator.ActiveCfg = Release|iPhoneSimulator
		{688111BA-59A4-4EF7-A91E-FAFC886BB009}.Release|iPhoneSimulator.Build.0 = Release|iPhoneSimulator
		{688111BA-59A4-4EF7-A91E-FAFC886BB009}.Release|iPhoneSimulator.Deploy.0 = Release|iPhoneSimulator
		{688111BA-59A4-4EF7-A91E-FAFC886BB009}.Release|x64.ActiveCfg = Release|iPhone
		{688111BA-59A4-4EF7-A91E-FAFC886BB009}.Release|x86.ActiveCfg = Release|iPhone
	EndGlobalSection
	GlobalSection(SolutionProperties) = preSolution
		HideSolutionNode = FALSE
	EndGlobalSection
	GlobalSection(ExtensibilityGlobals) = postSolution
		SolutionGuid = {EC4CC710-6C59-4C43-A3CB-5DBD916BD6A6}
	EndGlobalSection
EndGlobal
